
Microsoft Visual Studio Solution File, Format Version 12.00
# Visual Studio 15
VisualStudioVersion = 15.0.28307.779
MinimumVisualStudioVersion = 10.0.40219.1
Project("{9A19103F-16F7-4668-BE54-9A1E7A4F7556}") = "AgileBridgeAss", "AgileBridgeAss\AgileBridgeAss.csproj", "{1766133E-DFE7-4D1C-977A-D3CF174AADA4}"
EndProject
Project("{FAE04EC0-301F-11D3-BF4B-00C04F79EFBC}") = "AgileBridgeAss.Test", "AgileBridgeAss.Test\AgileBridgeAss.Test.csproj", "{8B736E27-6F2B-4EDF-913F-898FD05AEBDE}"
EndProject
Global
	GlobalSection(SolutionConfigurationPlatforms) = preSolution
		Debug|Any CPU = Debug|Any CPU
		Release|Any CPU = Release|Any CPU
	EndGlobalSection
	GlobalSection(ProjectConfigurationPlatforms) = postSolution
		{1766133E-DFE7-4D1C-977A-D3CF174AADA4}.Debug|Any CPU.ActiveCfg = Debug|Any CPU
		{1766133E-DFE7-4D1C-977A-D3CF174AADA4}.Debug|Any CPU.Build.0 = Debug|Any CPU
		{1766133E-DFE7-4D1C-977A-D3CF174AADA4}.Release|Any CPU.ActiveCfg = Release|Any CPU
		{1766133E-DFE7-4D1C-977A-D3CF174AADA4}.Release|Any CPU.Build.0 = Release|Any CPU
		{8B736E27-6F2B-4EDF-913F-898FD05AEBDE}.Debug|Any CPU.ActiveCfg = Debug|Any CPU
		{8B736E27-6F2B-4EDF-913F-898FD05AEBDE}.Debug|Any CPU.Build.0 = Debug|Any CPU
		{8B736E27-6F2B-4EDF-913F-898FD05AEBDE}.Release|Any CPU.ActiveCfg = Release|Any CPU
		{8B736E27-6F2B-4EDF-913F-898FD05AEBDE}.Release|Any CPU.Build.0 = Release|Any CPU
	EndGlobalSection
	GlobalSection(SolutionProperties) = preSolution
		HideSolutionNode = FALSE
	EndGlobalSection
	GlobalSection(ExtensibilityGlobals) = postSolution
		SolutionGuid = {98D66E5E-0C80-4113-934B-0620AA9F1FC5}
	EndGlobalSection
EndGlobal
